// !$*UTF8*$!
{
	archiveVersion = 1;
	classes = {
	};
	objectVersion = 45;
	objects = {

/* Begin PBXAppleScriptBuildPhase section */
		A497A2B6104AC9D2004805E1 /* AppleScript */ = {
			isa = PBXAppleScriptBuildPhase;
			buildActionMask = 2147483647;
			contextName = "";
			files = (
				A497A2AF104AC9B5004805E1 /* XcodeUnitTestGUI.applescript in AppleScript */,
			);
			isSharedContext = 0;
			runOnlyForDeploymentPostprocessing = 0;
		};
/* End PBXAppleScriptBuildPhase section */

/* Begin PBXBuildFile section */
		1DDD58160DA1D0A300B32029 /* MainMenu.xib in Resources */ = {isa = PBXBuildFile; fileRef = 1DDD58140DA1D0A300B32029 /* MainMenu.xib */; };
		8D11072B0486CEB800E47090 /* InfoPlist.strings in Resources */ = {isa = PBXBuildFile; fileRef = 089C165CFE840E0CC02AAC07 /* InfoPlist.strings */; };
		8D11072D0486CEB800E47090 /* main.m in Sources */ = {isa = PBXBuildFile; fileRef = 29B97316FDCFA39411CA2CEA /* main.m */; settings = {ATTRIBUTES = (); }; };
		8D11072F0486CEB800E47090 /* Cocoa.framework in Frameworks */ = {isa = PBXBuildFile; fileRef = 1058C7A1FEA54F0111CA2CBB /* Cocoa.framework */; };
		A43E3BBD104DAA6C00D7E987 /* SZSenTestNotifier.m in Sources */ = {isa = PBXBuildFile; fileRef = A43E3BBC104DAA6C00D7E987 /* SZSenTestNotifier.m */; };
		A4464E73104F6E5300D1355D /* SenTestingKit.framework in Frameworks */ = {isa = PBXBuildFile; fileRef = A4F02AE4104F62260047176B /* SenTestingKit.framework */; };
		A4704C78104A4F56005B6A5D /* SZAppDelegate.m in Sources */ = {isa = PBXBuildFile; fileRef = A4704C77104A4F56005B6A5D /* SZAppDelegate.m */; };
		A4704D3A104A7B55005B6A5D /* SZXCodeController.m in Sources */ = {isa = PBXBuildFile; fileRef = A4704D39104A7B55005B6A5D /* SZXCodeController.m */; };
		A4704D3D104A7C20005B6A5D /* SZApplescriptInterface.m in Sources */ = {isa = PBXBuildFile; fileRef = A4704D3C104A7C20005B6A5D /* SZApplescriptInterface.m */; };
		A4704E00104AA850005B6A5D /* SZTestSuiteDataSource.m in Sources */ = {isa = PBXBuildFile; fileRef = A4704DFF104AA850005B6A5D /* SZTestSuiteDataSource.m */; };
		A497A2AF104AC9B5004805E1 /* XcodeUnitTestGUI.applescript in AppleScript */ = {isa = PBXBuildFile; fileRef = A497A2AB104AC93B004805E1 /* XcodeUnitTestGUI.applescript */; settings = {ATTRIBUTES = (Debug, ); }; };
		A497A2CD104ACD67004805E1 /* testStateFailed.tiff in Resources */ = {isa = PBXBuildFile; fileRef = A497A2CB104ACD67004805E1 /* testStateFailed.tiff */; };
		A497A2CE104ACD67004805E1 /* testStatePassed.tiff in Resources */ = {isa = PBXBuildFile; fileRef = A497A2CC104ACD67004805E1 /* testStatePassed.tiff */; };
		A497A2DA104ACED0004805E1 /* testStateUnknown.tiff in Resources */ = {isa = PBXBuildFile; fileRef = A497A2D9104ACED0004805E1 /* testStateUnknown.tiff */; };
		A497A373104AE821004805E1 /* SZTestDescriptor.m in Sources */ = {isa = PBXBuildFile; fileRef = A497A372104AE821004805E1 /* SZTestDescriptor.m */; };
		A4F02AE5104F62260047176B /* SenTestingKit.framework in Frameworks */ = {isa = PBXBuildFile; fileRef = A4F02AE4104F62260047176B /* SenTestingKit.framework */; };
/* End PBXBuildFile section */

/* Begin PBXFileReference section */
		089C165DFE840E0CC02AAC07 /* English */ = {isa = PBXFileReference; fileEncoding = 10; lastKnownFileType = text.plist.strings; name = English; path = English.lproj/InfoPlist.strings; sourceTree = "<group>"; };
		1058C7A1FEA54F0111CA2CBB /* Cocoa.framework */ = {isa = PBXFileReference; lastKnownFileType = wrapper.framework; name = Cocoa.framework; path = /System/Library/Frameworks/Cocoa.framework; sourceTree = "<absolute>"; };
		13E42FB307B3F0F600E4EEF1 /* CoreData.framework */ = {isa = PBXFileReference; lastKnownFileType = wrapper.framework; name = CoreData.framework; path = /System/Library/Frameworks/CoreData.framework; sourceTree = "<absolute>"; };
		1DDD58150DA1D0A300B32029 /* English */ = {isa = PBXFileReference; lastKnownFileType = file.xib; name = English; path = English.lproj/MainMenu.xib; sourceTree = "<group>"; };
		29B97316FDCFA39411CA2CEA /* main.m */ = {isa = PBXFileReference; fileEncoding = 4; lastKnownFileType = sourcecode.c.objc; path = main.m; sourceTree = "<group>"; };
		29B97324FDCFA39411CA2CEA /* AppKit.framework */ = {isa = PBXFileReference; lastKnownFileType = wrapper.framework; name = AppKit.framework; path = /System/Library/Frameworks/AppKit.framework; sourceTree = "<absolute>"; };
		29B97325FDCFA39411CA2CEA /* Foundation.framework */ = {isa = PBXFileReference; lastKnownFileType = wrapper.framework; name = Foundation.framework; path = /System/Library/Frameworks/Foundation.framework; sourceTree = "<absolute>"; };
		32CA4F630368D1EE00C91783 /* XcodeUnitTestGUI_Prefix.pch */ = {isa = PBXFileReference; fileEncoding = 4; lastKnownFileType = sourcecode.c.h; name = XcodeUnitTestGUI_Prefix.pch; path = ../XcodeUnitTestGUI_Prefix.pch; sourceTree = "<group>"; };
		8D1107310486CEB800E47090 /* Info.plist */ = {isa = PBXFileReference; fileEncoding = 4; lastKnownFileType = text.plist.xml; path = Info.plist; sourceTree = "<group>"; };
		8D1107320486CEB800E47090 /* XcodeUnitTestGUI.app */ = {isa = PBXFileReference; explicitFileType = wrapper.application; includeInIndex = 0; path = XcodeUnitTestGUI.app; sourceTree = BUILT_PRODUCTS_DIR; };
		A43E3BB6104DAA3700D7E987 /* XcodeUnitTestGUIHelper.framework */ = {isa = PBXFileReference; explicitFileType = wrapper.framework; includeInIndex = 0; path = XcodeUnitTestGUIHelper.framework; sourceTree = BUILT_PRODUCTS_DIR; };
		A43E3BB7104DAA3700D7E987 /* XcodeUnitTestGUIHelper-Info.plist */ = {isa = PBXFileReference; lastKnownFileType = text.plist.xml; path = "XcodeUnitTestGUIHelper-Info.plist"; sourceTree = "<group>"; };
		A43E3BBC104DAA6C00D7E987 /* SZSenTestNotifier.m */ = {isa = PBXFileReference; fileEncoding = 4; lastKnownFileType = sourcecode.c.objc; path = SZSenTestNotifier.m; sourceTree = "<group>"; };
		A4704C76104A4F56005B6A5D /* SZAppDelegate.h */ = {isa = PBXFileReference; fileEncoding = 4; lastKnownFileType = sourcecode.c.h; path = SZAppDelegate.h; sourceTree = "<group>"; };
		A4704C77104A4F56005B6A5D /* SZAppDelegate.m */ = {isa = PBXFileReference; fileEncoding = 4; lastKnownFileType = sourcecode.c.objc; path = SZAppDelegate.m; sourceTree = "<group>"; };
		A4704D38104A7B55005B6A5D /* SZXCodeController.h */ = {isa = PBXFileReference; fileEncoding = 4; lastKnownFileType = sourcecode.c.h; path = SZXCodeController.h; sourceTree = "<group>"; };
		A4704D39104A7B55005B6A5D /* SZXCodeController.m */ = {isa = PBXFileReference; fileEncoding = 4; lastKnownFileType = sourcecode.c.objc; path = SZXCodeController.m; sourceTree = "<group>"; };
		A4704D3B104A7C20005B6A5D /* SZApplescriptInterface.h */ = {isa = PBXFileReference; fileEncoding = 4; lastKnownFileType = sourcecode.c.h; path = SZApplescriptInterface.h; sourceTree = "<group>"; };
		A4704D3C104A7C20005B6A5D /* SZApplescriptInterface.m */ = {isa = PBXFileReference; fileEncoding = 4; lastKnownFileType = sourcecode.c.objc; path = SZApplescriptInterface.m; sourceTree = "<group>"; };
		A4704DFE104AA850005B6A5D /* SZTestSuiteDataSource.h */ = {isa = PBXFileReference; fileEncoding = 4; lastKnownFileType = sourcecode.c.h; path = SZTestSuiteDataSource.h; sourceTree = "<group>"; };
		A4704DFF104AA850005B6A5D /* SZTestSuiteDataSource.m */ = {isa = PBXFileReference; fileEncoding = 4; lastKnownFileType = sourcecode.c.objc; path = SZTestSuiteDataSource.m; sourceTree = "<group>"; };
		A497A2AB104AC93B004805E1 /* XcodeUnitTestGUI.applescript */ = {isa = PBXFileReference; fileEncoding = 4; lastKnownFileType = sourcecode.applescript; path = XcodeUnitTestGUI.applescript; sourceTree = "<group>"; };
		A497A2CB104ACD67004805E1 /* testStateFailed.tiff */ = {isa = PBXFileReference; lastKnownFileType = image.tiff; name = testStateFailed.tiff; path = resources/testStateFailed.tiff; sourceTree = "<group>"; };
		A497A2CC104ACD67004805E1 /* testStatePassed.tiff */ = {isa = PBXFileReference; lastKnownFileType = image.tiff; name = testStatePassed.tiff; path = resources/testStatePassed.tiff; sourceTree = "<group>"; };
		A497A2D9104ACED0004805E1 /* testStateUnknown.tiff */ = {isa = PBXFileReference; lastKnownFileType = image.tiff; name = testStateUnknown.tiff; path = resources/testStateUnknown.tiff; sourceTree = "<group>"; };
		A497A371104AE821004805E1 /* SZTestDescriptor.h */ = {isa = PBXFileReference; fileEncoding = 4; lastKnownFileType = sourcecode.c.h; path = SZTestDescriptor.h; sourceTree = "<group>"; };
		A497A372104AE821004805E1 /* SZTestDescriptor.m */ = {isa = PBXFileReference; fileEncoding = 4; lastKnownFileType = sourcecode.c.objc; path = SZTestDescriptor.m; sourceTree = "<group>"; };
		A4F02AE4104F62260047176B /* SenTestingKit.framework */ = {isa = PBXFileReference; lastKnownFileType = wrapper.framework; name = SenTestingKit.framework; path = /Developer/Library/Frameworks/SenTestingKit.framework; sourceTree = "<absolute>"; };
/* End PBXFileReference section */

/* Begin PBXFrameworksBuildPhase section */
		8D11072E0486CEB800E47090 /* Frameworks */ = {
			isa = PBXFrameworksBuildPhase;
			buildActionMask = 2147483647;
			files = (
				8D11072F0486CEB800E47090 /* Cocoa.framework in Frameworks */,
				A4F02AE5104F62260047176B /* SenTestingKit.framework in Frameworks */,
			);
			runOnlyForDeploymentPostprocessing = 0;
		};
		A43E3BB4104DAA3700D7E987 /* Frameworks */ = {
			isa = PBXFrameworksBuildPhase;
			buildActionMask = 2147483647;
			files = (
				A4464E73104F6E5300D1355D /* SenTestingKit.framework in Frameworks */,
			);
			runOnlyForDeploymentPostprocessing = 0;
		};
/* End PBXFrameworksBuildPhase section */

/* Begin PBXGroup section */
		080E96DDFE201D6D7F000001 /* Classes */ = {
			isa = PBXGroup;
			children = (
				A4704C76104A4F56005B6A5D /* SZAppDelegate.h */,
				A4704C77104A4F56005B6A5D /* SZAppDelegate.m */,
				A4704D38104A7B55005B6A5D /* SZXCodeController.h */,
				A4704D39104A7B55005B6A5D /* SZXCodeController.m */,
				A4704D3B104A7C20005B6A5D /* SZApplescriptInterface.h */,
				A4704D3C104A7C20005B6A5D /* SZApplescriptInterface.m */,
				A4704DFE104AA850005B6A5D /* SZTestSuiteDataSource.h */,
				A4704DFF104AA850005B6A5D /* SZTestSuiteDataSource.m */,
				A497A371104AE821004805E1 /* SZTestDescriptor.h */,
				A497A372104AE821004805E1 /* SZTestDescriptor.m */,
			);
			name = Classes;
			path = src;
			sourceTree = "<group>";
		};
		1058C7A0FEA54F0111CA2CBB /* Linked Frameworks */ = {
			isa = PBXGroup;
			children = (
				1058C7A1FEA54F0111CA2CBB /* Cocoa.framework */,
				A4F02AE4104F62260047176B /* SenTestingKit.framework */,
			);
			name = "Linked Frameworks";
			sourceTree = "<group>";
		};
		1058C7A2FEA54F0111CA2CBB /* Other Frameworks */ = {
			isa = PBXGroup;
			children = (
				29B97324FDCFA39411CA2CEA /* AppKit.framework */,
				13E42FB307B3F0F600E4EEF1 /* CoreData.framework */,
				29B97325FDCFA39411CA2CEA /* Foundation.framework */,
			);
			name = "Other Frameworks";
			sourceTree = "<group>";
		};
		19C28FACFE9D520D11CA2CBB /* Products */ = {
			isa = PBXGroup;
			children = (
				8D1107320486CEB800E47090 /* XcodeUnitTestGUI.app */,
				A43E3BB6104DAA3700D7E987 /* XcodeUnitTestGUIHelper.framework */,
			);
			name = Products;
			sourceTree = "<group>";
		};
		29B97314FDCFA39411CA2CEA /* XcodeUnitTestGUI */ = {
			isa = PBXGroup;
			children = (
				080E96DDFE201D6D7F000001 /* Classes */,
				29B97315FDCFA39411CA2CEA /* Other Sources */,
				29B97317FDCFA39411CA2CEA /* Resources */,
				29B97323FDCFA39411CA2CEA /* Frameworks */,
				19C28FACFE9D520D11CA2CBB /* Products */,
				A43E3BB7104DAA3700D7E987 /* XcodeUnitTestGUIHelper-Info.plist */,
			);
			name = XcodeUnitTestGUI;
			sourceTree = "<group>";
		};
		29B97315FDCFA39411CA2CEA /* Other Sources */ = {
			isa = PBXGroup;
			children = (
				A43E3BBC104DAA6C00D7E987 /* SZSenTestNotifier.m */,
				A497A2AB104AC93B004805E1 /* XcodeUnitTestGUI.applescript */,
				32CA4F630368D1EE00C91783 /* XcodeUnitTestGUI_Prefix.pch */,
				29B97316FDCFA39411CA2CEA /* main.m */,
			);
			name = "Other Sources";
			path = src;
			sourceTree = "<group>";
		};
		29B97317FDCFA39411CA2CEA /* Resources */ = {
			isa = PBXGroup;
			children = (
				A497A2D9104ACED0004805E1 /* testStateUnknown.tiff */,
				A497A2CB104ACD67004805E1 /* testStateFailed.tiff */,
				A497A2CC104ACD67004805E1 /* testStatePassed.tiff */,
				8D1107310486CEB800E47090 /* Info.plist */,
				089C165CFE840E0CC02AAC07 /* InfoPlist.strings */,
				1DDD58140DA1D0A300B32029 /* MainMenu.xib */,
			);
			name = Resources;
			sourceTree = "<group>";
		};
		29B97323FDCFA39411CA2CEA /* Frameworks */ = {
			isa = PBXGroup;
			children = (
				1058C7A0FEA54F0111CA2CBB /* Linked Frameworks */,
				1058C7A2FEA54F0111CA2CBB /* Other Frameworks */,
			);
			name = Frameworks;
			sourceTree = "<group>";
		};
/* End PBXGroup section */

/* Begin PBXHeadersBuildPhase section */
		A43E3BB1104DAA3700D7E987 /* Headers */ = {
			isa = PBXHeadersBuildPhase;
			buildActionMask = 2147483647;
			files = (
			);
			runOnlyForDeploymentPostprocessing = 0;
		};
/* End PBXHeadersBuildPhase section */

/* Begin PBXNativeTarget section */
		8D1107260486CEB800E47090 /* XcodeUnitTestGUI */ = {
			isa = PBXNativeTarget;
			buildConfigurationList = C01FCF4A08A954540054247B /* Build configuration list for PBXNativeTarget "XcodeUnitTestGUI" */;
			buildPhases = (
				A497A2B6104AC9D2004805E1 /* AppleScript */,
				8D1107290486CEB800E47090 /* Resources */,
				8D11072C0486CEB800E47090 /* Sources */,
				8D11072E0486CEB800E47090 /* Frameworks */,
			);
			buildRules = (
			);
			dependencies = (
			);
			name = XcodeUnitTestGUI;
			productInstallPath = "$(HOME)/Applications";
			productName = XcodeUnitTestGUI;
			productReference = 8D1107320486CEB800E47090 /* XcodeUnitTestGUI.app */;
			productType = "com.apple.product-type.application";
		};
		A43E3BB5104DAA3700D7E987 /* XcodeUnitTestGUIHelper */ = {
			isa = PBXNativeTarget;
			buildConfigurationList = A43E3BBB104DAA3800D7E987 /* Build configuration list for PBXNativeTarget "XcodeUnitTestGUIHelper" */;
			buildPhases = (
				A43E3BB1104DAA3700D7E987 /* Headers */,
				A43E3BB2104DAA3700D7E987 /* Resources */,
				A43E3BB3104DAA3700D7E987 /* Sources */,
				A43E3BB4104DAA3700D7E987 /* Frameworks */,
			);
			buildRules = (
			);
			dependencies = (
			);
			name = XcodeUnitTestGUIHelper;
			productName = XcodeUnitTestGUIHelper;
			productReference = A43E3BB6104DAA3700D7E987 /* XcodeUnitTestGUIHelper.framework */;
			productType = "com.apple.product-type.framework";
		};
/* End PBXNativeTarget section */

/* Begin PBXProject section */
		29B97313FDCFA39411CA2CEA /* Project object */ = {
			isa = PBXProject;
			buildConfigurationList = C01FCF4E08A954540054247B /* Build configuration list for PBXProject "XcodeUnitTestGUI" */;
			compatibilityVersion = "Xcode 3.1";
			hasScannedForEncodings = 1;
			mainGroup = 29B97314FDCFA39411CA2CEA /* XcodeUnitTestGUI */;
			projectDirPath = "";
			projectRoot = "";
			targets = (
				8D1107260486CEB800E47090 /* XcodeUnitTestGUI */,
				A43E3BB5104DAA3700D7E987 /* XcodeUnitTestGUIHelper */,
			);
		};
/* End PBXProject section */

/* Begin PBXResourcesBuildPhase section */
		8D1107290486CEB800E47090 /* Resources */ = {
			isa = PBXResourcesBuildPhase;
			buildActionMask = 2147483647;
			files = (
				8D11072B0486CEB800E47090 /* InfoPlist.strings in Resources */,
				1DDD58160DA1D0A300B32029 /* MainMenu.xib in Resources */,
				A497A2CD104ACD67004805E1 /* testStateFailed.tiff in Resources */,
				A497A2CE104ACD67004805E1 /* testStatePassed.tiff in Resources */,
				A497A2DA104ACED0004805E1 /* testStateUnknown.tiff in Resources */,
			);
			runOnlyForDeploymentPostprocessing = 0;
		};
		A43E3BB2104DAA3700D7E987 /* Resources */ = {
			isa = PBXResourcesBuildPhase;
			buildActionMask = 2147483647;
			files = (
			);
			runOnlyForDeploymentPostprocessing = 0;
		};
/* End PBXResourcesBuildPhase section */

/* Begin PBXSourcesBuildPhase section */
		8D11072C0486CEB800E47090 /* Sources */ = {
			isa = PBXSourcesBuildPhase;
			buildActionMask = 2147483647;
			files = (
				8D11072D0486CEB800E47090 /* main.m in Sources */,
				A4704C78104A4F56005B6A5D /* SZAppDelegate.m in Sources */,
				A4704D3A104A7B55005B6A5D /* SZXCodeController.m in Sources */,
				A4704D3D104A7C20005B6A5D /* SZApplescriptInterface.m in Sources */,
				A4704E00104AA850005B6A5D /* SZTestSuiteDataSource.m in Sources */,
				A497A373104AE821004805E1 /* SZTestDescriptor.m in Sources */,
			);
			runOnlyForDeploymentPostprocessing = 0;
		};
		A43E3BB3104DAA3700D7E987 /* Sources */ = {
			isa = PBXSourcesBuildPhase;
			buildActionMask = 2147483647;
			files = (
				A43E3BBD104DAA6C00D7E987 /* SZSenTestNotifier.m in Sources */,
			);
			runOnlyForDeploymentPostprocessing = 0;
		};
/* End PBXSourcesBuildPhase section */

/* Begin PBXVariantGroup section */
		089C165CFE840E0CC02AAC07 /* InfoPlist.strings */ = {
			isa = PBXVariantGroup;
			children = (
				089C165DFE840E0CC02AAC07 /* English */,
			);
			name = InfoPlist.strings;
			sourceTree = "<group>";
		};
		1DDD58140DA1D0A300B32029 /* MainMenu.xib */ = {
			isa = PBXVariantGroup;
			children = (
				1DDD58150DA1D0A300B32029 /* English */,
			);
			name = MainMenu.xib;
			sourceTree = "<group>";
		};
/* End PBXVariantGroup section */

/* Begin XCBuildConfiguration section */
		A43E3BB9104DAA3800D7E987 /* Debug */ = {
			isa = XCBuildConfiguration;
			buildSettings = {
				ALWAYS_SEARCH_USER_PATHS = NO;
				COPY_PHASE_STRIP = NO;
				DYLIB_COMPATIBILITY_VERSION = 1;
				DYLIB_CURRENT_VERSION = 1;
				FRAMEWORK_SEARCH_PATHS = (
					"$(inherited)",
					"\"$(DEVELOPER_FRAMEWORKS_DIR)\"",
				);
				FRAMEWORK_VERSION = A;
				GCC_DYNAMIC_NO_PIC = NO;
				GCC_ENABLE_FIX_AND_CONTINUE = YES;
				GCC_MODEL_TUNING = G5;
				GCC_OPTIMIZATION_LEVEL = 0;
				GCC_PRECOMPILE_PREFIX_HEADER = YES;
				GCC_PREFIX_HEADER = "$(SYSTEM_LIBRARY_DIR)/Frameworks/AppKit.framework/Headers/AppKit.h";
				INFOPLIST_FILE = "XcodeUnitTestGUIHelper-Info.plist";
				INSTALL_PATH = "$(HOME)/Library/Frameworks";
				OTHER_LDFLAGS = (
					"-framework",
					Foundation,
					"-framework",
					AppKit,
				);
				PREBINDING = NO;
				PRODUCT_NAME = XcodeUnitTestGUIHelper;
			};
			name = Debug;
		};
		A43E3BBA104DAA3800D7E987 /* Release */ = {
			isa = XCBuildConfiguration;
			buildSettings = {
				ALWAYS_SEARCH_USER_PATHS = NO;
				COPY_PHASE_STRIP = YES;
				DEBUG_INFORMATION_FORMAT = "dwarf-with-dsym";
				DYLIB_COMPATIBILITY_VERSION = 1;
				DYLIB_CURRENT_VERSION = 1;
				FRAMEWORK_SEARCH_PATHS = (
					"$(inherited)",
					"\"$(DEVELOPER_FRAMEWORKS_DIR)\"",
				);
				FRAMEWORK_VERSION = A;
				GCC_ENABLE_FIX_AND_CONTINUE = NO;
				GCC_MODEL_TUNING = G5;
				GCC_PRECOMPILE_PREFIX_HEADER = YES;
				GCC_PREFIX_HEADER = "$(SYSTEM_LIBRARY_DIR)/Frameworks/AppKit.framework/Headers/AppKit.h";
				GCC_WARN_ABOUT_DEPRECATED_FUNCTIONS = NO;
				INFOPLIST_FILE = "XcodeUnitTestGUIHelper-Info.plist";
				INSTALL_PATH = "$(HOME)/Library/Frameworks";
				OTHER_LDFLAGS = (
					"-framework",
					Foundation,
					"-framework",
					AppKit,
				);
				PREBINDING = NO;
				PRODUCT_NAME = XcodeUnitTestGUIHelper;
				ZERO_LINK = NO;
			};
			name = Release;
		};
		C01FCF4B08A954540054247B /* Debug */ = {
			isa = XCBuildConfiguration;
			buildSettings = {
				ALWAYS_SEARCH_USER_PATHS = NO;
				COPY_PHASE_STRIP = NO;
				FRAMEWORK_SEARCH_PATHS = (
					"$(inherited)",
					"\"$(DEVELOPER_FRAMEWORKS_DIR)\"",
				);
				GCC_DYNAMIC_NO_PIC = NO;
				GCC_ENABLE_FIX_AND_CONTINUE = YES;
				GCC_MODEL_TUNING = G5;
				GCC_OPTIMIZATION_LEVEL = 0;
				GCC_PRECOMPILE_PREFIX_HEADER = YES;
				GCC_PREFIX_HEADER = XcodeUnitTestGUI_Prefix.pch;
				INFOPLIST_FILE = Info.plist;
				INSTALL_PATH = "$(HOME)/Applications";
				PRODUCT_NAME = XcodeUnitTestGUI;
			};
			name = Debug;
		};
		C01FCF4C08A954540054247B /* Release */ = {
			isa = XCBuildConfiguration;
			buildSettings = {
				ALWAYS_SEARCH_USER_PATHS = NO;
				DEBUG_INFORMATION_FORMAT = "dwarf-with-dsym";
				FRAMEWORK_SEARCH_PATHS = (
					"$(inherited)",
					"\"$(DEVELOPER_FRAMEWORKS_DIR)\"",
				);
				GCC_MODEL_TUNING = G5;
				GCC_PRECOMPILE_PREFIX_HEADER = YES;
				GCC_PREFIX_HEADER = XcodeUnitTestGUI_Prefix.pch;
				INFOPLIST_FILE = Info.plist;
				INSTALL_PATH = "$(HOME)/Applications";
				PRODUCT_NAME = XcodeUnitTestGUI;
			};
			name = Release;
		};
		C01FCF4F08A954540054247B /* Debug */ = {
			isa = XCBuildConfiguration;
			buildSettings = {
				ARCHS = "$(ARCHS_STANDARD_32_BIT)";
				FRAMEWORK_SEARCH_PATHS = "";
				GCC_C_LANGUAGE_STANDARD = c99;
				GCC_OPTIMIZATION_LEVEL = 0;
				GCC_TREAT_WARNINGS_AS_ERRORS = YES;
				GCC_WARN_ABOUT_RETURN_TYPE = YES;
				GCC_WARN_UNUSED_VARIABLE = YES;
				LD_RUNPATH_SEARCH_PATHS = /Developer/Library/Frameworks;
				ONLY_ACTIVE_ARCH = YES;
				PREBINDING = NO;
				SDKROOT = macosx10.5;
			};
			name = Debug;
		};
		C01FCF5008A954540054247B /* Release */ = {
			isa = XCBuildConfiguration;
			buildSettings = {
				ARCHS = "$(ARCHS_STANDARD_32_BIT)";
				GCC_C_LANGUAGE_STANDARD = c99;
				GCC_TREAT_WARNINGS_AS_ERRORS = YES;
				GCC_WARN_ABOUT_RETURN_TYPE = YES;
				GCC_WARN_UNUSED_VARIABLE = YES;
				LD_RUNPATH_SEARCH_PATHS = /Developer/Library/Frameworks;
				PREBINDING = NO;
				SDKROOT = macosx10.5;
			};
			name = Release;
		};
/* End XCBuildConfiguration section */

/* Begin XCConfigurationList section */
		A43E3BBB104DAA3800D7E987 /* Build configuration list for PBXNativeTarget "XcodeUnitTestGUIHelper" */ = {
			isa = XCConfigurationList;
			buildConfigurations = (
				A43E3BB9104DAA3800D7E987 /* Debug */,
				A43E3BBA104DAA3800D7E987 /* Release */,
			);
			defaultConfigurationIsVisible = 0;
			defaultConfigurationName = Release;
		};
		C01FCF4A08A954540054247B /* Build configuration list for PBXNativeTarget "XcodeUnitTestGUI" */ = {
			isa = XCConfigurationList;
			buildConfigurations = (
				C01FCF4B08A954540054247B /* Debug */,
				C01FCF4C08A954540054247B /* Release */,
			);
			defaultConfigurationIsVisible = 0;
			defaultConfigurationName = Release;
		};
		C01FCF4E08A954540054247B /* Build configuration list for PBXProject "XcodeUnitTestGUI" */ = {
			isa = XCConfigurationList;
			buildConfigurations = (
				C01FCF4F08A954540054247B /* Debug */,
				C01FCF5008A954540054247B /* Release */,
			);
			defaultConfigurationIsVisible = 0;
			defaultConfigurationName = Release;
		};
/* End XCConfigurationList section */
	};
	rootObject = 29B97313FDCFA39411CA2CEA /* Project object */;
}
